
Microsoft Visual Studio Solution File, Format Version 12.00
# Visual Studio 15
Project("{FAE04EC0-301F-11D3-BF4B-00C04F79EFBC}") = "Assembly-CSharp", "Assembly-CSharp.csproj", "{01141211-B980-056E-3BF1-0CAD8E584E9A}"
EndProject
Project("{FAE04EC0-301F-11D3-BF4B-00C04F79EFBC}") = "SimpleInput.Runtime", "SimpleInput.Runtime.csproj", "{C76C8599-99C8-A33E-A5E8-D6951E56F6B7}"
EndProject
Project("{FAE04EC0-301F-11D3-BF4B-00C04F79EFBC}") = "SimpleInput.Editor", "SimpleInput.Editor.csproj", "{B3C4F213-4539-D767-A5E3-523FE7035D53}"
EndProject
Global
	GlobalSection(SolutionConfigurationPlatforms) = preSolution
		Debug|Any CPU = Debug|Any CPU
		Release|Any CPU = Release|Any CPU
	EndGlobalSection
	GlobalSection(ProjectConfigurationPlatforms) = postSolution
		{01141211-B980-056E-3BF1-0CAD8E584E9A}.Debug|Any CPU.ActiveCfg = Debug|Any CPU
		{01141211-B980-056E-3BF1-0CAD8E584E9A}.Debug|Any CPU.Build.0 = Debug|Any CPU
		{01141211-B980-056E-3BF1-0CAD8E584E9A}.Release|Any CPU.ActiveCfg = Release|Any CPU
		{01141211-B980-056E-3BF1-0CAD8E584E9A}.Release|Any CPU.Build.0 = Release|Any CPU
		{C76C8599-99C8-A33E-A5E8-D6951E56F6B7}.Debug|Any CPU.ActiveCfg = Debug|Any CPU
		{C76C8599-99C8-A33E-A5E8-D6951E56F6B7}.Debug|Any CPU.Build.0 = Debug|Any CPU
		{C76C8599-99C8-A33E-A5E8-D6951E56F6B7}.Release|Any CPU.ActiveCfg = Release|Any CPU
		{C76C8599-99C8-A33E-A5E8-D6951E56F6B7}.Release|Any CPU.Build.0 = Release|Any CPU
		{B3C4F213-4539-D767-A5E3-523FE7035D53}.Debug|Any CPU.ActiveCfg = Debug|Any CPU
		{B3C4F213-4539-D767-A5E3-523FE7035D53}.Debug|Any CPU.Build.0 = Debug|Any CPU
		{B3C4F213-4539-D767-A5E3-523FE7035D53}.Release|Any CPU.ActiveCfg = Release|Any CPU
		{B3C4F213-4539-D767-A5E3-523FE7035D53}.Release|Any CPU.Build.0 = Release|Any CPU
	EndGlobalSection
	GlobalSection(SolutionProperties) = preSolution
		HideSolutionNode = FALSE
	EndGlobalSection
EndGlobal
